
Microsoft Visual Studio Solution File, Format Version 12.00
# Visual Studio Version 17
VisualStudioVersion = 17.3.32929.385
MinimumVisualStudioVersion = 10.0.40219.1
Project("{FAE04EC0-301F-11D3-BF4B-00C04F79EFBC}") = "calculator 2.0", "calculator 2.0\calculator 2.0.csproj", "{592688E3-A8F7-40B3-8589-0AE20FB9CD83}"
EndProject
Global
	GlobalSection(SolutionConfigurationPlatforms) = preSolution
		Debug|Any CPU = Debug|Any CPU
		Release|Any CPU = Release|Any CPU
	EndGlobalSection
	GlobalSection(ProjectConfigurationPlatforms) = postSolution
		{592688E3-A8F7-40B3-8589-0AE20FB9CD83}.Debug|Any CPU.ActiveCfg = Debug|Any CPU
		{592688E3-A8F7-40B3-8589-0AE20FB9CD83}.Debug|Any CPU.Build.0 = Debug|Any CPU
		{592688E3-A8F7-40B3-8589-0AE20FB9CD83}.Release|Any CPU.ActiveCfg = Release|Any CPU
		{592688E3-A8F7-40B3-8589-0AE20FB9CD83}.Release|Any CPU.Build.0 = Release|Any CPU
	EndGlobalSection
	GlobalSection(SolutionProperties) = preSolution
		HideSolutionNode = FALSE
	EndGlobalSection
	GlobalSection(ExtensibilityGlobals) = postSolution
		SolutionGuid = {4B7EF878-AF8C-4E7D-9952-636722D931A9}
	EndGlobalSection
EndGlobal
